
Microsoft Visual Studio Solution File, Format Version 11.00
# Visual Studio 2010
Project("{FAE04EC0-301F-11D3-BF4B-00C04F79EFBC}") = "Assembly-CSharp", "Assembly-CSharp.csproj", "{E3FABF50-DAE4-AB2C-2E9E-A789461F5A6A}"
EndProject
Project("{FAE04EC0-301F-11D3-BF4B-00C04F79EFBC}") = "Assembly-CSharp-Editor", "Assembly-CSharp-Editor.csproj", "{281854A5-D09E-DB35-A026-1E0EE9E124B7}"
EndProject
Global
	GlobalSection(SolutionConfigurationPlatforms) = preSolution
		Debug|Any CPU = Debug|Any CPU
		Release|Any CPU = Release|Any CPU
	EndGlobalSection
	GlobalSection(ProjectConfigurationPlatforms) = postSolution
		{E3FABF50-DAE4-AB2C-2E9E-A789461F5A6A}.Debug|Any CPU.ActiveCfg = Debug|Any CPU
		{E3FABF50-DAE4-AB2C-2E9E-A789461F5A6A}.Debug|Any CPU.Build.0 = Debug|Any CPU
		{E3FABF50-DAE4-AB2C-2E9E-A789461F5A6A}.Release|Any CPU.ActiveCfg = Release|Any CPU
		{E3FABF50-DAE4-AB2C-2E9E-A789461F5A6A}.Release|Any CPU.Build.0 = Release|Any CPU
		{281854A5-D09E-DB35-A026-1E0EE9E124B7}.Debug|Any CPU.ActiveCfg = Debug|Any CPU
		{281854A5-D09E-DB35-A026-1E0EE9E124B7}.Debug|Any CPU.Build.0 = Debug|Any CPU
		{281854A5-D09E-DB35-A026-1E0EE9E124B7}.Release|Any CPU.ActiveCfg = Release|Any CPU
		{281854A5-D09E-DB35-A026-1E0EE9E124B7}.Release|Any CPU.Build.0 = Release|Any CPU
	EndGlobalSection
	GlobalSection(SolutionProperties) = preSolution
		HideSolutionNode = FALSE
	EndGlobalSection
EndGlobal
